
Microsoft Visual Studio Solution File, Format Version 12.00
# Visual Studio Version 17
VisualStudioVersion = 17.1.32228.430
MinimumVisualStudioVersion = 10.0.40219.1
Project("{FAE04EC0-301F-11D3-BF4B-00C04F79EFBC}") = "Zs.Bot.Telegram", "src\Zs.Bot.Telegram.csproj", "{9F554665-F7BA-44EE-AA80-6806DC11EF97}"
EndProject
Project("{FAE04EC0-301F-11D3-BF4B-00C04F79EFBC}") = "Zs.Bot.Telegram.IntegrationTests", "tests\Zs.Bot.Telegram.IntegrationTests\Zs.Bot.Telegram.IntegrationTests.csproj", "{DD7CFAFE-78F6-465E-84D8-169148EC705F}"
EndProject
Global
	GlobalSection(SolutionConfigurationPlatforms) = preSolution
		Debug|Any CPU = Debug|Any CPU
		Release|Any CPU = Release|Any CPU
	EndGlobalSection
	GlobalSection(ProjectConfigurationPlatforms) = postSolution
		{9F554665-F7BA-44EE-AA80-6806DC11EF97}.Debug|Any CPU.ActiveCfg = Debug|Any CPU
		{9F554665-F7BA-44EE-AA80-6806DC11EF97}.Debug|Any CPU.Build.0 = Debug|Any CPU
		{9F554665-F7BA-44EE-AA80-6806DC11EF97}.Release|Any CPU.ActiveCfg = Release|Any CPU
		{9F554665-F7BA-44EE-AA80-6806DC11EF97}.Release|Any CPU.Build.0 = Release|Any CPU
		{DD7CFAFE-78F6-465E-84D8-169148EC705F}.Debug|Any CPU.ActiveCfg = Debug|Any CPU
		{DD7CFAFE-78F6-465E-84D8-169148EC705F}.Debug|Any CPU.Build.0 = Debug|Any CPU
		{DD7CFAFE-78F6-465E-84D8-169148EC705F}.Release|Any CPU.ActiveCfg = Release|Any CPU
		{DD7CFAFE-78F6-465E-84D8-169148EC705F}.Release|Any CPU.Build.0 = Release|Any CPU
	EndGlobalSection
	GlobalSection(SolutionProperties) = preSolution
		HideSolutionNode = FALSE
	EndGlobalSection
	GlobalSection(ExtensibilityGlobals) = postSolution
		SolutionGuid = {FD1E4170-190D-4CDA-962C-9BB5DDBDCEA2}
	EndGlobalSection
EndGlobal
