
Microsoft Visual Studio Solution File, Format Version 12.00
# Visual Studio Version 17
VisualStudioVersion = 17.1.32228.430
MinimumVisualStudioVersion = 10.0.40219.1
Project("{9A19103F-16F7-4668-BE54-9A1E7A4F7556}") = "Zs.Bot.Messenger.Telegram", "src\Zs.Bot.Messenger.Telegram.csproj", "{0451C0DB-69C7-4B5C-88C1-731B237D15EA}"
EndProject
Project("{9A19103F-16F7-4668-BE54-9A1E7A4F7556}") = "UnitTests", "tests\UnitTests\UnitTests.csproj", "{9E053D3C-C2C2-4415-B805-F0B4ABCA5AAD}"
EndProject
Global
	GlobalSection(SolutionConfigurationPlatforms) = preSolution
		Debug|Any CPU = Debug|Any CPU
		Release|Any CPU = Release|Any CPU
	EndGlobalSection
	GlobalSection(ProjectConfigurationPlatforms) = postSolution
		{0451C0DB-69C7-4B5C-88C1-731B237D15EA}.Debug|Any CPU.ActiveCfg = Debug|Any CPU
		{0451C0DB-69C7-4B5C-88C1-731B237D15EA}.Debug|Any CPU.Build.0 = Debug|Any CPU
		{0451C0DB-69C7-4B5C-88C1-731B237D15EA}.Release|Any CPU.ActiveCfg = Release|Any CPU
		{0451C0DB-69C7-4B5C-88C1-731B237D15EA}.Release|Any CPU.Build.0 = Release|Any CPU
		{9E053D3C-C2C2-4415-B805-F0B4ABCA5AAD}.Debug|Any CPU.ActiveCfg = Debug|Any CPU
		{9E053D3C-C2C2-4415-B805-F0B4ABCA5AAD}.Debug|Any CPU.Build.0 = Debug|Any CPU
		{9E053D3C-C2C2-4415-B805-F0B4ABCA5AAD}.Release|Any CPU.ActiveCfg = Release|Any CPU
		{9E053D3C-C2C2-4415-B805-F0B4ABCA5AAD}.Release|Any CPU.Build.0 = Release|Any CPU
	EndGlobalSection
	GlobalSection(SolutionProperties) = preSolution
		HideSolutionNode = FALSE
	EndGlobalSection
	GlobalSection(ExtensibilityGlobals) = postSolution
		SolutionGuid = {FD1E4170-190D-4CDA-962C-9BB5DDBDCEA2}
	EndGlobalSection
EndGlobal
